
Microsoft Visual Studio Solution File, Format Version 10.00
# Visual Studio 2008
Project("{FAE04EC0-301F-11D3-BF4B-00C04F79EFBC}") = "DotNetServer", "DotNetServer\DotNetServer.csproj", "{EB40D633-C847-405A-ADB0-5A28620A4790}"
	ProjectSection(ProjectDependencies) = postProject
		{0785E0A4-670D-41A2-84FF-EAE2843256CA} = {0785E0A4-670D-41A2-84FF-EAE2843256CA}
	EndProjectSection
EndProject
Project("{FAE04EC0-301F-11D3-BF4B-00C04F79EFBC}") = "DotNetServerApi", "DotNetServerApi\DotNetServerApi.csproj", "{0785E0A4-670D-41A2-84FF-EAE2843256CA}"
EndProject
Project("{2150E333-8FDC-42A3-9474-1A3956D46DE8}") = "Bundles", "Bundles", "{76028674-AD3F-45A0-943D-5D4BD6B0BC05}"
EndProject
Project("{FAE04EC0-301F-11D3-BF4B-00C04F79EFBC}") = "XspBundle", "XspBundle\XspBundle.csproj", "{7A4D7058-C4AB-4402-AF12-9715DB6E5E7B}"
EndProject
Project("{FAE04EC0-301F-11D3-BF4B-00C04F79EFBC}") = "DBusBundle", "DBusBundle\DBusBundle.csproj", "{21FA018B-A4D7-4997-9E44-697C64D7E639}"
	ProjectSection(ProjectDependencies) = postProject
		{0785E0A4-670D-41A2-84FF-EAE2843256CA} = {0785E0A4-670D-41A2-84FF-EAE2843256CA}
	EndProjectSection
EndProject
Project("{FAE04EC0-301F-11D3-BF4B-00C04F79EFBC}") = "MyAnotherBundle", "MyAnotherBundle\MyAnotherBundle.csproj", "{2EBE49AE-4D7C-4B74-9F27-04E34895CF13}"
	ProjectSection(ProjectDependencies) = postProject
		{0785E0A4-670D-41A2-84FF-EAE2843256CA} = {0785E0A4-670D-41A2-84FF-EAE2843256CA}
		{C9B3A0CD-5D7E-4D33-83E3-F1E1261FE4E3} = {C9B3A0CD-5D7E-4D33-83E3-F1E1261FE4E3}
	EndProjectSection
EndProject
Project("{FAE04EC0-301F-11D3-BF4B-00C04F79EFBC}") = "MyBundle.Contracts", "MyBundle.Contracts\MyBundle.Contracts.csproj", "{C9B3A0CD-5D7E-4D33-83E3-F1E1261FE4E3}"
EndProject
Project("{FAE04EC0-301F-11D3-BF4B-00C04F79EFBC}") = "MyBundle", "MyBundle\MyBundle.csproj", "{A9F29AC1-57D6-459E-B174-9F00437284D0}"
	ProjectSection(ProjectDependencies) = postProject
		{EB40D633-C847-405A-ADB0-5A28620A4790} = {EB40D633-C847-405A-ADB0-5A28620A4790}
	EndProjectSection
EndProject
Project("{FAE04EC0-301F-11D3-BF4B-00C04F79EFBC}") = "DotNetServerBundle", "DotNetServerBundle\DotNetServerBundle.csproj", "{3A3FE855-4EB2-423A-BA5D-7290AEB482B9}"
EndProject
Project("{FAE04EC0-301F-11D3-BF4B-00C04F79EFBC}") = "WebAppBundle", "WebAppBundle\WebAppBundle.csproj", "{73107453-F852-4092-AA2D-B3F2A18CFC59}"
EndProject
Project("{FAE04EC0-301F-11D3-BF4B-00C04F79EFBC}") = "XspBundle.Contracts", "XspBundle.Contracts\XspBundle.Contracts.csproj", "{EA8F8696-F2B1-4B83-B92C-5109B355EC59}"
EndProject
Project("{FAE04EC0-301F-11D3-BF4B-00C04F79EFBC}") = "NDesk.DBus", "..\dbus-sharp\src\NDesk.DBus.csproj", "{09A0200F-F3AF-4BD6-9EC4-E7D80D273E4C}"
EndProject
Project("{2150E333-8FDC-42A3-9474-1A3956D46DE8}") = "DBus", "DBus", "{7B369651-A8C5-48FF-A447-6A0AB3839522}"
EndProject
Project("{FAE04EC0-301F-11D3-BF4B-00C04F79EFBC}") = "dbus-daemon", "..\dbus-sharp\src\dbus-daemon.csproj", "{41918B94-6DAD-4C05-9FDF-17D51EC85AF0}"
EndProject
Project("{FAE04EC0-301F-11D3-BF4B-00C04F79EFBC}") = "WebAspBundle", "WebAspBundle\WebAspBundle.csproj", "{BF01A889-06C9-4BDD-9BE9-87901B548012}"
EndProject
Global
	GlobalSection(SolutionConfigurationPlatforms) = preSolution
		Debug|Any CPU = Debug|Any CPU
		Release|Any CPU = Release|Any CPU
	EndGlobalSection
	GlobalSection(ProjectConfigurationPlatforms) = postSolution
		{EB40D633-C847-405A-ADB0-5A28620A4790}.Debug|Any CPU.ActiveCfg = Debug|Any CPU
		{EB40D633-C847-405A-ADB0-5A28620A4790}.Debug|Any CPU.Build.0 = Debug|Any CPU
		{EB40D633-C847-405A-ADB0-5A28620A4790}.Release|Any CPU.ActiveCfg = Release|Any CPU
		{EB40D633-C847-405A-ADB0-5A28620A4790}.Release|Any CPU.Build.0 = Release|Any CPU
		{0785E0A4-670D-41A2-84FF-EAE2843256CA}.Debug|Any CPU.ActiveCfg = Debug|Any CPU
		{0785E0A4-670D-41A2-84FF-EAE2843256CA}.Debug|Any CPU.Build.0 = Debug|Any CPU
		{0785E0A4-670D-41A2-84FF-EAE2843256CA}.Release|Any CPU.ActiveCfg = Release|Any CPU
		{0785E0A4-670D-41A2-84FF-EAE2843256CA}.Release|Any CPU.Build.0 = Release|Any CPU
		{7A4D7058-C4AB-4402-AF12-9715DB6E5E7B}.Debug|Any CPU.ActiveCfg = Debug|Any CPU
		{7A4D7058-C4AB-4402-AF12-9715DB6E5E7B}.Debug|Any CPU.Build.0 = Debug|Any CPU
		{7A4D7058-C4AB-4402-AF12-9715DB6E5E7B}.Release|Any CPU.ActiveCfg = Release|Any CPU
		{7A4D7058-C4AB-4402-AF12-9715DB6E5E7B}.Release|Any CPU.Build.0 = Release|Any CPU
		{21FA018B-A4D7-4997-9E44-697C64D7E639}.Debug|Any CPU.ActiveCfg = Debug|Any CPU
		{21FA018B-A4D7-4997-9E44-697C64D7E639}.Debug|Any CPU.Build.0 = Debug|Any CPU
		{21FA018B-A4D7-4997-9E44-697C64D7E639}.Release|Any CPU.ActiveCfg = Release|Any CPU
		{21FA018B-A4D7-4997-9E44-697C64D7E639}.Release|Any CPU.Build.0 = Release|Any CPU
		{2EBE49AE-4D7C-4B74-9F27-04E34895CF13}.Debug|Any CPU.ActiveCfg = Debug|Any CPU
		{2EBE49AE-4D7C-4B74-9F27-04E34895CF13}.Debug|Any CPU.Build.0 = Debug|Any CPU
		{2EBE49AE-4D7C-4B74-9F27-04E34895CF13}.Release|Any CPU.ActiveCfg = Release|Any CPU
		{2EBE49AE-4D7C-4B74-9F27-04E34895CF13}.Release|Any CPU.Build.0 = Release|Any CPU
		{C9B3A0CD-5D7E-4D33-83E3-F1E1261FE4E3}.Debug|Any CPU.ActiveCfg = Debug|Any CPU
		{C9B3A0CD-5D7E-4D33-83E3-F1E1261FE4E3}.Debug|Any CPU.Build.0 = Debug|Any CPU
		{C9B3A0CD-5D7E-4D33-83E3-F1E1261FE4E3}.Release|Any CPU.ActiveCfg = Release|Any CPU
		{C9B3A0CD-5D7E-4D33-83E3-F1E1261FE4E3}.Release|Any CPU.Build.0 = Release|Any CPU
		{A9F29AC1-57D6-459E-B174-9F00437284D0}.Debug|Any CPU.ActiveCfg = Debug|Any CPU
		{A9F29AC1-57D6-459E-B174-9F00437284D0}.Debug|Any CPU.Build.0 = Debug|Any CPU
		{A9F29AC1-57D6-459E-B174-9F00437284D0}.Release|Any CPU.ActiveCfg = Release|Any CPU
		{A9F29AC1-57D6-459E-B174-9F00437284D0}.Release|Any CPU.Build.0 = Release|Any CPU
		{3A3FE855-4EB2-423A-BA5D-7290AEB482B9}.Debug|Any CPU.ActiveCfg = Debug|Any CPU
		{3A3FE855-4EB2-423A-BA5D-7290AEB482B9}.Debug|Any CPU.Build.0 = Debug|Any CPU
		{3A3FE855-4EB2-423A-BA5D-7290AEB482B9}.Release|Any CPU.ActiveCfg = Release|Any CPU
		{3A3FE855-4EB2-423A-BA5D-7290AEB482B9}.Release|Any CPU.Build.0 = Release|Any CPU
		{73107453-F852-4092-AA2D-B3F2A18CFC59}.Debug|Any CPU.ActiveCfg = Debug|Any CPU
		{73107453-F852-4092-AA2D-B3F2A18CFC59}.Debug|Any CPU.Build.0 = Debug|Any CPU
		{73107453-F852-4092-AA2D-B3F2A18CFC59}.Release|Any CPU.ActiveCfg = Release|Any CPU
		{73107453-F852-4092-AA2D-B3F2A18CFC59}.Release|Any CPU.Build.0 = Release|Any CPU
		{EA8F8696-F2B1-4B83-B92C-5109B355EC59}.Debug|Any CPU.ActiveCfg = Debug|Any CPU
		{EA8F8696-F2B1-4B83-B92C-5109B355EC59}.Debug|Any CPU.Build.0 = Debug|Any CPU
		{EA8F8696-F2B1-4B83-B92C-5109B355EC59}.Release|Any CPU.ActiveCfg = Release|Any CPU
		{EA8F8696-F2B1-4B83-B92C-5109B355EC59}.Release|Any CPU.Build.0 = Release|Any CPU
		{09A0200F-F3AF-4BD6-9EC4-E7D80D273E4C}.Debug|Any CPU.ActiveCfg = Debug|Any CPU
		{09A0200F-F3AF-4BD6-9EC4-E7D80D273E4C}.Debug|Any CPU.Build.0 = Debug|Any CPU
		{09A0200F-F3AF-4BD6-9EC4-E7D80D273E4C}.Release|Any CPU.ActiveCfg = Release|Any CPU
		{09A0200F-F3AF-4BD6-9EC4-E7D80D273E4C}.Release|Any CPU.Build.0 = Release|Any CPU
		{41918B94-6DAD-4C05-9FDF-17D51EC85AF0}.Debug|Any CPU.ActiveCfg = Debug|Any CPU
		{41918B94-6DAD-4C05-9FDF-17D51EC85AF0}.Debug|Any CPU.Build.0 = Debug|Any CPU
		{41918B94-6DAD-4C05-9FDF-17D51EC85AF0}.Release|Any CPU.ActiveCfg = Release|Any CPU
		{41918B94-6DAD-4C05-9FDF-17D51EC85AF0}.Release|Any CPU.Build.0 = Release|Any CPU
		{BF01A889-06C9-4BDD-9BE9-87901B548012}.Debug|Any CPU.ActiveCfg = Debug|Any CPU
		{BF01A889-06C9-4BDD-9BE9-87901B548012}.Debug|Any CPU.Build.0 = Debug|Any CPU
		{BF01A889-06C9-4BDD-9BE9-87901B548012}.Release|Any CPU.ActiveCfg = Release|Any CPU
		{BF01A889-06C9-4BDD-9BE9-87901B548012}.Release|Any CPU.Build.0 = Release|Any CPU
	EndGlobalSection
	GlobalSection(SolutionProperties) = preSolution
		HideSolutionNode = FALSE
	EndGlobalSection
	GlobalSection(NestedProjects) = preSolution
		{7A4D7058-C4AB-4402-AF12-9715DB6E5E7B} = {76028674-AD3F-45A0-943D-5D4BD6B0BC05}
		{21FA018B-A4D7-4997-9E44-697C64D7E639} = {76028674-AD3F-45A0-943D-5D4BD6B0BC05}
		{2EBE49AE-4D7C-4B74-9F27-04E34895CF13} = {76028674-AD3F-45A0-943D-5D4BD6B0BC05}
		{C9B3A0CD-5D7E-4D33-83E3-F1E1261FE4E3} = {76028674-AD3F-45A0-943D-5D4BD6B0BC05}
		{A9F29AC1-57D6-459E-B174-9F00437284D0} = {76028674-AD3F-45A0-943D-5D4BD6B0BC05}
		{3A3FE855-4EB2-423A-BA5D-7290AEB482B9} = {76028674-AD3F-45A0-943D-5D4BD6B0BC05}
		{73107453-F852-4092-AA2D-B3F2A18CFC59} = {76028674-AD3F-45A0-943D-5D4BD6B0BC05}
		{EA8F8696-F2B1-4B83-B92C-5109B355EC59} = {76028674-AD3F-45A0-943D-5D4BD6B0BC05}
		{BF01A889-06C9-4BDD-9BE9-87901B548012} = {76028674-AD3F-45A0-943D-5D4BD6B0BC05}
		{09A0200F-F3AF-4BD6-9EC4-E7D80D273E4C} = {7B369651-A8C5-48FF-A447-6A0AB3839522}
		{41918B94-6DAD-4C05-9FDF-17D51EC85AF0} = {7B369651-A8C5-48FF-A447-6A0AB3839522}
	EndGlobalSection
	GlobalSection(MonoDevelopProperties) = preSolution
		StartupItem = DotNetServer\DotNetServer.csproj
	EndGlobalSection
EndGlobal
